
Microsoft Visual Studio Solution File, Format Version 12.00
# Visual Studio Version 16
VisualStudioVersion = 16.0.30804.86
MinimumVisualStudioVersion = 10.0.40219.1
Project("{D954291E-2A0B-460D-934E-DC6B0785DB48}") = "Library", "Mixins\Library.shproj", "{FA185618-A62B-480F-ABC7-76F155FBDC58}"
EndProject
Project("{D954291E-2A0B-460D-934E-DC6B0785DB48}") = "Finger", "Mixins\Finger.shproj", "{0629D3B7-3A06-48AB-B1A7-32B5513C406D}"
EndProject
Project("{D954291E-2A0B-460D-934E-DC6B0785DB48}") = "Dock", "Mixins\Dock.shproj", "{00CF050B-D297-420D-AAA4-1EC9A26EC72D}"
EndProject
Project("{D954291E-2A0B-460D-934E-DC6B0785DB48}") = "Connector", "Mixins\Connector.shproj", "{2E5EBFA6-57A6-4A3B-B793-F708A0ADC035}"
EndProject
Project("{D954291E-2A0B-460D-934E-DC6B0785DB48}") = "Mission", "Mixins\Mission.shproj", "{F1CFC2C0-6A86-477C-8065-F07745E218C4}"
EndProject
Project("{2150E333-8FDC-42A3-9474-1A3956D46DE8}") = "Mixins", "Mixins", "{95DC9D43-E5E3-49A1-874A-FE21B363B720}"
EndProject
Project("{D954291E-2A0B-460D-934E-DC6B0785DB48}") = "Stator", "Mixins\Stator.shproj", "{5F82AD74-3D6B-47FE-A9E0-A057FF01556F}"
EndProject
Project("{D954291E-2A0B-460D-934E-DC6B0785DB48}") = "RotoFinger", "Mixins\RotoFinger.shproj", "{41AAEBE1-73A6-4D0D-9C89-C3A4BCAB6EC9}"
EndProject
Project("{D954291E-2A0B-460D-934E-DC6B0785DB48}") = "OrientationInfo", "Mixins\OrientationInfo.shproj", "{6C40D436-D4C5-4686-8C44-2179BC367042}"
EndProject
Project("{D954291E-2A0B-460D-934E-DC6B0785DB48}") = "AutoPilot", "Mixins\AutoPilot.shproj", "{4941E846-35F4-421B-B602-9D4766F96BDB}"
EndProject
Project("{FAE04EC0-301F-11D3-BF4B-00C04F79EFBC}") = "SmartPilot", "SmartPilot\SmartPilot.csproj", "{141C66B8-DC4E-4706-A0D8-5782573812F4}"
EndProject
Project("{D954291E-2A0B-460D-934E-DC6B0785DB48}") = "SmartPilot", "Mixins\SmartPilot.shproj", "{6677010C-396D-4DA2-83DF-E933B21A4689}"
EndProject
Project("{FAE04EC0-301F-11D3-BF4B-00C04F79EFBC}") = "Console", "Programs\Console\Console.csproj", "{53ECE70B-9576-43FF-9432-C30BBF8C55F4}"
EndProject
Project("{FAE04EC0-301F-11D3-BF4B-00C04F79EFBC}") = "ATests", "ATests\ATests.csproj", "{A6D431AC-3BF0-4E2E-8946-3B40FA2473F8}"
EndProject
Project("{D954291E-2A0B-460D-934E-DC6B0785DB48}") = "ATests", "Mixins\ATests.shproj", "{1A42ADC5-AD76-4489-9B68-32BF1DF5581F}"
EndProject
Project("{FAE04EC0-301F-11D3-BF4B-00C04F79EFBC}") = "Index", "Programs\Index\Index.csproj", "{E5C8CA48-F271-4333-8485-640C5FA61E2F}"
EndProject
Project("{D954291E-2A0B-460D-934E-DC6B0785DB48}") = "CruiseControl", "Mixins\CruiseControl.shproj", "{59812BA8-F6A8-4F95-854D-5AEB80A651B9}"
EndProject
Project("{FAE04EC0-301F-11D3-BF4B-00C04F79EFBC}") = "CruiseControl", "CruiseControl\CruiseControl.csproj", "{B8365198-C870-45BE-9BFE-D60819C4C76F}"
EndProject
Global
	GlobalSection(SharedMSBuildProjectFiles) = preSolution
		Mixins\Dock.projitems*{00cf050b-d297-420d-aaa4-1ec9a26ec72d}*SharedItemsImports = 13
		Mixins\Finger.projitems*{0629d3b7-3a06-48ab-b1a7-32b5513c406d}*SharedItemsImports = 13
		Mixins\SmartPilot.projitems*{141c66b8-dc4e-4706-a0d8-5782573812f4}*SharedItemsImports = 4
		Mixins\ATests.projitems*{1a42adc5-ad76-4489-9b68-32bf1df5581f}*SharedItemsImports = 13
		Mixins\Connector.projitems*{2e5ebfa6-57a6-4a3b-b793-f708a0adc035}*SharedItemsImports = 13
		Mixins\RotoFinger.projitems*{41aaebe1-73a6-4d0d-9c89-c3a4bcab6ec9}*SharedItemsImports = 13
		Mixins\AutoPilot.projitems*{4941e846-35f4-421b-b602-9d4766f96bdb}*SharedItemsImports = 13
		Mixins\CruiseControl.projitems*{59812ba8-f6a8-4f95-854d-5aeb80a651b9}*SharedItemsImports = 13
		Mixins\Stator.projitems*{5f82ad74-3d6b-47fe-a9e0-a057ff01556f}*SharedItemsImports = 13
		Mixins\SmartPilot.projitems*{6677010c-396d-4da2-83df-e933b21a4689}*SharedItemsImports = 13
		Mixins\OrientationInfo.projitems*{6c40d436-d4c5-4686-8c44-2179bc367042}*SharedItemsImports = 13
		Mixins\ATests.projitems*{a6d431ac-3bf0-4e2e-8946-3b40fa2473f8}*SharedItemsImports = 4
		Mixins\CruiseControl.projitems*{b8365198-c870-45be-9bfe-d60819c4c76f}*SharedItemsImports = 4
		Mixins\Mission.projitems*{f1cfc2c0-6a86-477c-8065-f07745e218c4}*SharedItemsImports = 13
		Mixins\Library.projitems*{fa185618-a62b-480f-abc7-76f155fbdc58}*SharedItemsImports = 13
	EndGlobalSection
	GlobalSection(SolutionConfigurationPlatforms) = preSolution
		Debug|Any CPU = Debug|Any CPU
		Debug|x64 = Debug|x64
		Release|Any CPU = Release|Any CPU
		Release|x64 = Release|x64
	EndGlobalSection
	GlobalSection(ProjectConfigurationPlatforms) = postSolution
		{141C66B8-DC4E-4706-A0D8-5782573812F4}.Debug|Any CPU.ActiveCfg = Debug|x64
		{141C66B8-DC4E-4706-A0D8-5782573812F4}.Debug|x64.ActiveCfg = Debug|x64
		{141C66B8-DC4E-4706-A0D8-5782573812F4}.Debug|x64.Build.0 = Debug|x64
		{141C66B8-DC4E-4706-A0D8-5782573812F4}.Release|Any CPU.ActiveCfg = Debug|x64
		{141C66B8-DC4E-4706-A0D8-5782573812F4}.Release|Any CPU.Build.0 = Debug|x64
		{141C66B8-DC4E-4706-A0D8-5782573812F4}.Release|x64.ActiveCfg = Debug|x64
		{141C66B8-DC4E-4706-A0D8-5782573812F4}.Release|x64.Build.0 = Debug|x64
		{53ECE70B-9576-43FF-9432-C30BBF8C55F4}.Debug|Any CPU.ActiveCfg = Debug|Any CPU
		{53ECE70B-9576-43FF-9432-C30BBF8C55F4}.Debug|Any CPU.Build.0 = Debug|Any CPU
		{53ECE70B-9576-43FF-9432-C30BBF8C55F4}.Debug|x64.ActiveCfg = Debug|Any CPU
		{53ECE70B-9576-43FF-9432-C30BBF8C55F4}.Debug|x64.Build.0 = Debug|Any CPU
		{53ECE70B-9576-43FF-9432-C30BBF8C55F4}.Release|Any CPU.ActiveCfg = Release|Any CPU
		{53ECE70B-9576-43FF-9432-C30BBF8C55F4}.Release|Any CPU.Build.0 = Release|Any CPU
		{53ECE70B-9576-43FF-9432-C30BBF8C55F4}.Release|x64.ActiveCfg = Release|Any CPU
		{53ECE70B-9576-43FF-9432-C30BBF8C55F4}.Release|x64.Build.0 = Release|Any CPU
		{A6D431AC-3BF0-4E2E-8946-3B40FA2473F8}.Debug|Any CPU.ActiveCfg = Debug|x64
		{A6D431AC-3BF0-4E2E-8946-3B40FA2473F8}.Debug|x64.ActiveCfg = Debug|x64
		{A6D431AC-3BF0-4E2E-8946-3B40FA2473F8}.Debug|x64.Build.0 = Debug|x64
		{A6D431AC-3BF0-4E2E-8946-3B40FA2473F8}.Release|Any CPU.ActiveCfg = Debug|x64
		{A6D431AC-3BF0-4E2E-8946-3B40FA2473F8}.Release|Any CPU.Build.0 = Debug|x64
		{A6D431AC-3BF0-4E2E-8946-3B40FA2473F8}.Release|x64.ActiveCfg = Debug|x64
		{A6D431AC-3BF0-4E2E-8946-3B40FA2473F8}.Release|x64.Build.0 = Debug|x64
		{E5C8CA48-F271-4333-8485-640C5FA61E2F}.Debug|Any CPU.ActiveCfg = Debug|Any CPU
		{E5C8CA48-F271-4333-8485-640C5FA61E2F}.Debug|Any CPU.Build.0 = Debug|Any CPU
		{E5C8CA48-F271-4333-8485-640C5FA61E2F}.Debug|x64.ActiveCfg = Debug|Any CPU
		{E5C8CA48-F271-4333-8485-640C5FA61E2F}.Debug|x64.Build.0 = Debug|Any CPU
		{E5C8CA48-F271-4333-8485-640C5FA61E2F}.Release|Any CPU.ActiveCfg = Release|Any CPU
		{E5C8CA48-F271-4333-8485-640C5FA61E2F}.Release|Any CPU.Build.0 = Release|Any CPU
		{E5C8CA48-F271-4333-8485-640C5FA61E2F}.Release|x64.ActiveCfg = Release|Any CPU
		{E5C8CA48-F271-4333-8485-640C5FA61E2F}.Release|x64.Build.0 = Release|Any CPU
		{B8365198-C870-45BE-9BFE-D60819C4C76F}.Debug|Any CPU.ActiveCfg = Debug|x64
		{B8365198-C870-45BE-9BFE-D60819C4C76F}.Debug|x64.ActiveCfg = Debug|x64
		{B8365198-C870-45BE-9BFE-D60819C4C76F}.Debug|x64.Build.0 = Debug|x64
		{B8365198-C870-45BE-9BFE-D60819C4C76F}.Release|Any CPU.ActiveCfg = Debug|x64
		{B8365198-C870-45BE-9BFE-D60819C4C76F}.Release|Any CPU.Build.0 = Debug|x64
		{B8365198-C870-45BE-9BFE-D60819C4C76F}.Release|x64.ActiveCfg = Debug|x64
		{B8365198-C870-45BE-9BFE-D60819C4C76F}.Release|x64.Build.0 = Debug|x64
	EndGlobalSection
	GlobalSection(SolutionProperties) = preSolution
		HideSolutionNode = FALSE
	EndGlobalSection
	GlobalSection(NestedProjects) = preSolution
		{FA185618-A62B-480F-ABC7-76F155FBDC58} = {95DC9D43-E5E3-49A1-874A-FE21B363B720}
		{0629D3B7-3A06-48AB-B1A7-32B5513C406D} = {95DC9D43-E5E3-49A1-874A-FE21B363B720}
		{00CF050B-D297-420D-AAA4-1EC9A26EC72D} = {95DC9D43-E5E3-49A1-874A-FE21B363B720}
		{2E5EBFA6-57A6-4A3B-B793-F708A0ADC035} = {95DC9D43-E5E3-49A1-874A-FE21B363B720}
		{F1CFC2C0-6A86-477C-8065-F07745E218C4} = {95DC9D43-E5E3-49A1-874A-FE21B363B720}
		{5F82AD74-3D6B-47FE-A9E0-A057FF01556F} = {95DC9D43-E5E3-49A1-874A-FE21B363B720}
		{41AAEBE1-73A6-4D0D-9C89-C3A4BCAB6EC9} = {95DC9D43-E5E3-49A1-874A-FE21B363B720}
		{6C40D436-D4C5-4686-8C44-2179BC367042} = {95DC9D43-E5E3-49A1-874A-FE21B363B720}
		{4941E846-35F4-421B-B602-9D4766F96BDB} = {95DC9D43-E5E3-49A1-874A-FE21B363B720}
		{6677010C-396D-4DA2-83DF-E933B21A4689} = {95DC9D43-E5E3-49A1-874A-FE21B363B720}
		{1A42ADC5-AD76-4489-9B68-32BF1DF5581F} = {95DC9D43-E5E3-49A1-874A-FE21B363B720}
		{59812BA8-F6A8-4F95-854D-5AEB80A651B9} = {95DC9D43-E5E3-49A1-874A-FE21B363B720}
	EndGlobalSection
	GlobalSection(ExtensibilityGlobals) = postSolution
		SolutionGuid = {6A99BF5F-D8A0-4E32-96BC-BC9F8E4EFB63}
	EndGlobalSection
EndGlobal
