
Microsoft Visual Studio Solution File, Format Version 12.00
# Visual Studio Version 16
VisualStudioVersion = 16.0.30804.86
MinimumVisualStudioVersion = 10.0.40219.1
Project("{D954291E-2A0B-460D-934E-DC6B0785DB48}") = "Library", "Mixins\Library.shproj", "{FA185618-A62B-480F-ABC7-76F155FBDC58}"
EndProject
Project("{FAE04EC0-301F-11D3-BF4B-00C04F79EFBC}") = "TrajectoryConsole", "Programs\TrajectoryConsole\TrajectoryConsole.csproj", "{EB76C6AF-EDAE-4E61-85CD-FAF4621C156F}"
EndProject
Project("{D954291E-2A0B-460D-934E-DC6B0785DB48}") = "Finger", "Mixins\Finger.shproj", "{0629D3B7-3A06-48AB-B1A7-32B5513C406D}"
EndProject
Project("{D954291E-2A0B-460D-934E-DC6B0785DB48}") = "Dock", "Mixins\Dock.shproj", "{00CF050B-D297-420D-AAA4-1EC9A26EC72D}"
EndProject
Project("{D954291E-2A0B-460D-934E-DC6B0785DB48}") = "Connector", "Mixins\Connector.shproj", "{2E5EBFA6-57A6-4A3B-B793-F708A0ADC035}"
EndProject
Project("{D954291E-2A0B-460D-934E-DC6B0785DB48}") = "Mission", "Mixins\Mission.shproj", "{F1CFC2C0-6A86-477C-8065-F07745E218C4}"
EndProject
Project("{2150E333-8FDC-42A3-9474-1A3956D46DE8}") = "Mixins", "Mixins", "{95DC9D43-E5E3-49A1-874A-FE21B363B720}"
EndProject
Project("{2150E333-8FDC-42A3-9474-1A3956D46DE8}") = "Programs", "Programs", "{627FE829-2AFB-4EB8-B25D-A42F2B5F5574}"
EndProject
Project("{D954291E-2A0B-460D-934E-DC6B0785DB48}") = "Stator", "Mixins\Stator.shproj", "{5F82AD74-3D6B-47FE-A9E0-A057FF01556F}"
EndProject
Project("{FAE04EC0-301F-11D3-BF4B-00C04F79EFBC}") = "Arm", "InGameScripts\Arm\Arm.csproj", "{F79D8F2B-636E-400C-BA34-54DD32C03F4C}"
EndProject
Project("{FAE04EC0-301F-11D3-BF4B-00C04F79EFBC}") = "AutoPilot", "InGameScripts\AutoPilot\AutoPilot.csproj", "{582C28DB-1277-4BC5-9B3D-D5BECE33BF65}"
EndProject
Project("{FAE04EC0-301F-11D3-BF4B-00C04F79EFBC}") = "Core", "InGameScripts\Core\Core.csproj", "{81C70A3C-A14C-4C0E-8607-35C4FC537876}"
EndProject
Project("{FAE04EC0-301F-11D3-BF4B-00C04F79EFBC}") = "DockManager", "InGameScripts\DockManager\DockManager.csproj", "{6EB7EB41-9002-4602-93F1-9DA21807E436}"
EndProject
Project("{FAE04EC0-301F-11D3-BF4B-00C04F79EFBC}") = "Gyro", "InGameScripts\Gyro\Gyro.csproj", "{6C90FB01-443C-4EF9-BEF4-9E1046B1F0A0}"
EndProject
Project("{FAE04EC0-301F-11D3-BF4B-00C04F79EFBC}") = "InventoryManager", "InGameScripts\InventoryManager\InventoryManager.csproj", "{ACBC1545-3539-45E0-9AEB-09DCDC6DE473}"
EndProject
Project("{FAE04EC0-301F-11D3-BF4B-00C04F79EFBC}") = "Scanner", "InGameScripts\Scanner\Scanner.csproj", "{60452262-C0C2-4B73-A047-A270BA83B831}"
EndProject
Project("{FAE04EC0-301F-11D3-BF4B-00C04F79EFBC}") = "StatorWork", "InGameScripts\StatorWork\StatorWork.csproj", "{0F1F645A-24C1-49AD-8F30-373946E8AC1D}"
EndProject
Project("{FAE04EC0-301F-11D3-BF4B-00C04F79EFBC}") = "Console", "Programs\Console\Console.csproj", "{53ECE70B-9576-43FF-9432-C30BBF8C55F4}"
EndProject
Project("{FAE04EC0-301F-11D3-BF4B-00C04F79EFBC}") = "RotoArm", "RotoArm\RotoArm.csproj", "{5257316B-E548-4C22-9209-6D99073E9230}"
EndProject
Project("{D954291E-2A0B-460D-934E-DC6B0785DB48}") = "RotoFinger", "Mixins\RotoFinger.shproj", "{41AAEBE1-73A6-4D0D-9C89-C3A4BCAB6EC9}"
EndProject
Project("{FAE04EC0-301F-11D3-BF4B-00C04F79EFBC}") = "IStruct", "IStruct\IStruct.csproj", "{3F86D443-F507-4FC2-967C-8636614FC5FE}"
EndProject
Project("{FAE04EC0-301F-11D3-BF4B-00C04F79EFBC}") = "OrientationInfo", "OrientationInfo\OrientationInfo.csproj", "{A34069B7-6D6C-4FC6-8AA9-1D96EACDD470}"
EndProject
Project("{D954291E-2A0B-460D-934E-DC6B0785DB48}") = "OrientationInfo", "Mixins\OrientationInfo.shproj", "{6C40D436-D4C5-4686-8C44-2179BC367042}"
EndProject
Project("{D954291E-2A0B-460D-934E-DC6B0785DB48}") = "AutoPilot", "Mixins\AutoPilot.shproj", "{4941E846-35F4-421B-B602-9D4766F96BDB}"
EndProject
Project("{FAE04EC0-301F-11D3-BF4B-00C04F79EFBC}") = "SmartPilot", "SmartPilot\SmartPilot.csproj", "{141C66B8-DC4E-4706-A0D8-5782573812F4}"
EndProject
Project("{D954291E-2A0B-460D-934E-DC6B0785DB48}") = "SmartPilot", "Mixins\SmartPilot.shproj", "{6677010C-396D-4DA2-83DF-E933B21A4689}"
EndProject
Global
	GlobalSection(SharedMSBuildProjectFiles) = preSolution
		Mixins\Dock.projitems*{00cf050b-d297-420d-aaa4-1ec9a26ec72d}*SharedItemsImports = 13
		Mixins\Finger.projitems*{0629d3b7-3a06-48ab-b1a7-32b5513c406d}*SharedItemsImports = 13
		Mixins\Stator.projitems*{0f1f645a-24c1-49ad-8f30-373946e8ac1d}*SharedItemsImports = 4
		Mixins\SmartPilot.projitems*{141c66b8-dc4e-4706-a0d8-5782573812f4}*SharedItemsImports = 4
		Mixins\Connector.projitems*{2e5ebfa6-57a6-4a3b-b793-f708a0adc035}*SharedItemsImports = 13
		Mixins\RotoFinger.projitems*{41aaebe1-73a6-4d0d-9c89-c3a4bcab6ec9}*SharedItemsImports = 13
		Mixins\AutoPilot.projitems*{4941e846-35f4-421b-b602-9d4766f96bdb}*SharedItemsImports = 13
		Mixins\RotoFinger.projitems*{5257316b-e548-4c22-9209-6d99073e9230}*SharedItemsImports = 4
		Mixins\AutoPilot.projitems*{582c28db-1277-4bc5-9b3d-d5bece33bf65}*SharedItemsImports = 4
		Mixins\Stator.projitems*{5f82ad74-3d6b-47fe-a9e0-a057ff01556f}*SharedItemsImports = 13
		Mixins\Library.projitems*{60452262-c0c2-4b73-a047-a270ba83b831}*SharedItemsImports = 4
		Mixins\SmartPilot.projitems*{6677010c-396d-4da2-83df-e933b21a4689}*SharedItemsImports = 13
		Mixins\OrientationInfo.projitems*{6c40d436-d4c5-4686-8c44-2179bc367042}*SharedItemsImports = 13
		Mixins\Library.projitems*{6c90fb01-443c-4ef9-bef4-9e1046b1f0a0}*SharedItemsImports = 4
		Mixins\Library.projitems*{6eb7eb41-9002-4602-93f1-9da21807e436}*SharedItemsImports = 4
		Mixins\Library.projitems*{81c70a3c-a14c-4c0e-8607-35c4fc537876}*SharedItemsImports = 4
		Mixins\OrientationInfo.projitems*{a34069b7-6d6c-4fc6-8aa9-1d96eacdd470}*SharedItemsImports = 4
		Mixins\Library.projitems*{acbc1545-3539-45e0-9aeb-09dcdc6de473}*SharedItemsImports = 4
		Mixins\Mission.projitems*{f1cfc2c0-6a86-477c-8065-f07745e218c4}*SharedItemsImports = 13
		Mixins\Library.projitems*{fa185618-a62b-480f-abc7-76f155fbdc58}*SharedItemsImports = 13
	EndGlobalSection
	GlobalSection(SolutionConfigurationPlatforms) = preSolution
		Debug|Any CPU = Debug|Any CPU
		Debug|x64 = Debug|x64
		Release|Any CPU = Release|Any CPU
		Release|x64 = Release|x64
	EndGlobalSection
	GlobalSection(ProjectConfigurationPlatforms) = postSolution
		{EB76C6AF-EDAE-4E61-85CD-FAF4621C156F}.Debug|Any CPU.ActiveCfg = Debug|Any CPU
		{EB76C6AF-EDAE-4E61-85CD-FAF4621C156F}.Debug|Any CPU.Build.0 = Debug|Any CPU
		{EB76C6AF-EDAE-4E61-85CD-FAF4621C156F}.Debug|x64.ActiveCfg = Debug|Any CPU
		{EB76C6AF-EDAE-4E61-85CD-FAF4621C156F}.Debug|x64.Build.0 = Debug|Any CPU
		{EB76C6AF-EDAE-4E61-85CD-FAF4621C156F}.Release|Any CPU.ActiveCfg = Release|Any CPU
		{EB76C6AF-EDAE-4E61-85CD-FAF4621C156F}.Release|Any CPU.Build.0 = Release|Any CPU
		{EB76C6AF-EDAE-4E61-85CD-FAF4621C156F}.Release|x64.ActiveCfg = Release|Any CPU
		{EB76C6AF-EDAE-4E61-85CD-FAF4621C156F}.Release|x64.Build.0 = Release|Any CPU
		{F79D8F2B-636E-400C-BA34-54DD32C03F4C}.Debug|Any CPU.ActiveCfg = Debug|x64
		{F79D8F2B-636E-400C-BA34-54DD32C03F4C}.Debug|x64.ActiveCfg = Debug|x64
		{F79D8F2B-636E-400C-BA34-54DD32C03F4C}.Debug|x64.Build.0 = Debug|x64
		{F79D8F2B-636E-400C-BA34-54DD32C03F4C}.Release|Any CPU.ActiveCfg = Debug|x64
		{F79D8F2B-636E-400C-BA34-54DD32C03F4C}.Release|Any CPU.Build.0 = Debug|x64
		{F79D8F2B-636E-400C-BA34-54DD32C03F4C}.Release|x64.ActiveCfg = Debug|x64
		{F79D8F2B-636E-400C-BA34-54DD32C03F4C}.Release|x64.Build.0 = Debug|x64
		{582C28DB-1277-4BC5-9B3D-D5BECE33BF65}.Debug|Any CPU.ActiveCfg = Debug|x64
		{582C28DB-1277-4BC5-9B3D-D5BECE33BF65}.Debug|x64.ActiveCfg = Debug|x64
		{582C28DB-1277-4BC5-9B3D-D5BECE33BF65}.Debug|x64.Build.0 = Debug|x64
		{582C28DB-1277-4BC5-9B3D-D5BECE33BF65}.Release|Any CPU.ActiveCfg = Debug|x64
		{582C28DB-1277-4BC5-9B3D-D5BECE33BF65}.Release|Any CPU.Build.0 = Debug|x64
		{582C28DB-1277-4BC5-9B3D-D5BECE33BF65}.Release|x64.ActiveCfg = Debug|x64
		{582C28DB-1277-4BC5-9B3D-D5BECE33BF65}.Release|x64.Build.0 = Debug|x64
		{81C70A3C-A14C-4C0E-8607-35C4FC537876}.Debug|Any CPU.ActiveCfg = Debug|x64
		{81C70A3C-A14C-4C0E-8607-35C4FC537876}.Debug|x64.ActiveCfg = Debug|x64
		{81C70A3C-A14C-4C0E-8607-35C4FC537876}.Debug|x64.Build.0 = Debug|x64
		{81C70A3C-A14C-4C0E-8607-35C4FC537876}.Release|Any CPU.ActiveCfg = Debug|x64
		{81C70A3C-A14C-4C0E-8607-35C4FC537876}.Release|Any CPU.Build.0 = Debug|x64
		{81C70A3C-A14C-4C0E-8607-35C4FC537876}.Release|x64.ActiveCfg = Debug|x64
		{81C70A3C-A14C-4C0E-8607-35C4FC537876}.Release|x64.Build.0 = Debug|x64
		{6EB7EB41-9002-4602-93F1-9DA21807E436}.Debug|Any CPU.ActiveCfg = Debug|x64
		{6EB7EB41-9002-4602-93F1-9DA21807E436}.Debug|x64.ActiveCfg = Debug|x64
		{6EB7EB41-9002-4602-93F1-9DA21807E436}.Debug|x64.Build.0 = Debug|x64
		{6EB7EB41-9002-4602-93F1-9DA21807E436}.Release|Any CPU.ActiveCfg = Debug|x64
		{6EB7EB41-9002-4602-93F1-9DA21807E436}.Release|Any CPU.Build.0 = Debug|x64
		{6EB7EB41-9002-4602-93F1-9DA21807E436}.Release|x64.ActiveCfg = Debug|x64
		{6EB7EB41-9002-4602-93F1-9DA21807E436}.Release|x64.Build.0 = Debug|x64
		{6C90FB01-443C-4EF9-BEF4-9E1046B1F0A0}.Debug|Any CPU.ActiveCfg = Debug|x64
		{6C90FB01-443C-4EF9-BEF4-9E1046B1F0A0}.Debug|x64.ActiveCfg = Debug|x64
		{6C90FB01-443C-4EF9-BEF4-9E1046B1F0A0}.Debug|x64.Build.0 = Debug|x64
		{6C90FB01-443C-4EF9-BEF4-9E1046B1F0A0}.Release|Any CPU.ActiveCfg = Debug|x64
		{6C90FB01-443C-4EF9-BEF4-9E1046B1F0A0}.Release|Any CPU.Build.0 = Debug|x64
		{6C90FB01-443C-4EF9-BEF4-9E1046B1F0A0}.Release|x64.ActiveCfg = Debug|x64
		{6C90FB01-443C-4EF9-BEF4-9E1046B1F0A0}.Release|x64.Build.0 = Debug|x64
		{ACBC1545-3539-45E0-9AEB-09DCDC6DE473}.Debug|Any CPU.ActiveCfg = Debug|x64
		{ACBC1545-3539-45E0-9AEB-09DCDC6DE473}.Debug|x64.ActiveCfg = Debug|x64
		{ACBC1545-3539-45E0-9AEB-09DCDC6DE473}.Debug|x64.Build.0 = Debug|x64
		{ACBC1545-3539-45E0-9AEB-09DCDC6DE473}.Release|Any CPU.ActiveCfg = Debug|x64
		{ACBC1545-3539-45E0-9AEB-09DCDC6DE473}.Release|Any CPU.Build.0 = Debug|x64
		{ACBC1545-3539-45E0-9AEB-09DCDC6DE473}.Release|x64.ActiveCfg = Debug|x64
		{ACBC1545-3539-45E0-9AEB-09DCDC6DE473}.Release|x64.Build.0 = Debug|x64
		{60452262-C0C2-4B73-A047-A270BA83B831}.Debug|Any CPU.ActiveCfg = Debug|x64
		{60452262-C0C2-4B73-A047-A270BA83B831}.Debug|x64.ActiveCfg = Debug|x64
		{60452262-C0C2-4B73-A047-A270BA83B831}.Debug|x64.Build.0 = Debug|x64
		{60452262-C0C2-4B73-A047-A270BA83B831}.Release|Any CPU.ActiveCfg = Debug|x64
		{60452262-C0C2-4B73-A047-A270BA83B831}.Release|Any CPU.Build.0 = Debug|x64
		{60452262-C0C2-4B73-A047-A270BA83B831}.Release|x64.ActiveCfg = Debug|x64
		{60452262-C0C2-4B73-A047-A270BA83B831}.Release|x64.Build.0 = Debug|x64
		{0F1F645A-24C1-49AD-8F30-373946E8AC1D}.Debug|Any CPU.ActiveCfg = Debug|x64
		{0F1F645A-24C1-49AD-8F30-373946E8AC1D}.Debug|x64.ActiveCfg = Debug|x64
		{0F1F645A-24C1-49AD-8F30-373946E8AC1D}.Debug|x64.Build.0 = Debug|x64
		{0F1F645A-24C1-49AD-8F30-373946E8AC1D}.Release|Any CPU.ActiveCfg = Debug|x64
		{0F1F645A-24C1-49AD-8F30-373946E8AC1D}.Release|Any CPU.Build.0 = Debug|x64
		{0F1F645A-24C1-49AD-8F30-373946E8AC1D}.Release|x64.ActiveCfg = Debug|x64
		{0F1F645A-24C1-49AD-8F30-373946E8AC1D}.Release|x64.Build.0 = Debug|x64
		{53ECE70B-9576-43FF-9432-C30BBF8C55F4}.Debug|Any CPU.ActiveCfg = Debug|Any CPU
		{53ECE70B-9576-43FF-9432-C30BBF8C55F4}.Debug|Any CPU.Build.0 = Debug|Any CPU
		{53ECE70B-9576-43FF-9432-C30BBF8C55F4}.Debug|x64.ActiveCfg = Debug|Any CPU
		{53ECE70B-9576-43FF-9432-C30BBF8C55F4}.Debug|x64.Build.0 = Debug|Any CPU
		{53ECE70B-9576-43FF-9432-C30BBF8C55F4}.Release|Any CPU.ActiveCfg = Release|Any CPU
		{53ECE70B-9576-43FF-9432-C30BBF8C55F4}.Release|Any CPU.Build.0 = Release|Any CPU
		{53ECE70B-9576-43FF-9432-C30BBF8C55F4}.Release|x64.ActiveCfg = Release|Any CPU
		{53ECE70B-9576-43FF-9432-C30BBF8C55F4}.Release|x64.Build.0 = Release|Any CPU
		{5257316B-E548-4C22-9209-6D99073E9230}.Debug|Any CPU.ActiveCfg = Debug|x64
		{5257316B-E548-4C22-9209-6D99073E9230}.Debug|x64.ActiveCfg = Debug|x64
		{5257316B-E548-4C22-9209-6D99073E9230}.Debug|x64.Build.0 = Debug|x64
		{5257316B-E548-4C22-9209-6D99073E9230}.Release|Any CPU.ActiveCfg = Debug|x64
		{5257316B-E548-4C22-9209-6D99073E9230}.Release|Any CPU.Build.0 = Debug|x64
		{5257316B-E548-4C22-9209-6D99073E9230}.Release|x64.ActiveCfg = Debug|x64
		{5257316B-E548-4C22-9209-6D99073E9230}.Release|x64.Build.0 = Debug|x64
		{3F86D443-F507-4FC2-967C-8636614FC5FE}.Debug|Any CPU.ActiveCfg = Debug|Any CPU
		{3F86D443-F507-4FC2-967C-8636614FC5FE}.Debug|Any CPU.Build.0 = Debug|Any CPU
		{3F86D443-F507-4FC2-967C-8636614FC5FE}.Debug|x64.ActiveCfg = Debug|Any CPU
		{3F86D443-F507-4FC2-967C-8636614FC5FE}.Debug|x64.Build.0 = Debug|Any CPU
		{3F86D443-F507-4FC2-967C-8636614FC5FE}.Release|Any CPU.ActiveCfg = Release|Any CPU
		{3F86D443-F507-4FC2-967C-8636614FC5FE}.Release|Any CPU.Build.0 = Release|Any CPU
		{3F86D443-F507-4FC2-967C-8636614FC5FE}.Release|x64.ActiveCfg = Release|Any CPU
		{3F86D443-F507-4FC2-967C-8636614FC5FE}.Release|x64.Build.0 = Release|Any CPU
		{A34069B7-6D6C-4FC6-8AA9-1D96EACDD470}.Debug|Any CPU.ActiveCfg = Debug|x64
		{A34069B7-6D6C-4FC6-8AA9-1D96EACDD470}.Debug|x64.ActiveCfg = Debug|x64
		{A34069B7-6D6C-4FC6-8AA9-1D96EACDD470}.Debug|x64.Build.0 = Debug|x64
		{A34069B7-6D6C-4FC6-8AA9-1D96EACDD470}.Release|Any CPU.ActiveCfg = Debug|x64
		{A34069B7-6D6C-4FC6-8AA9-1D96EACDD470}.Release|Any CPU.Build.0 = Debug|x64
		{A34069B7-6D6C-4FC6-8AA9-1D96EACDD470}.Release|x64.ActiveCfg = Debug|x64
		{A34069B7-6D6C-4FC6-8AA9-1D96EACDD470}.Release|x64.Build.0 = Debug|x64
		{141C66B8-DC4E-4706-A0D8-5782573812F4}.Debug|Any CPU.ActiveCfg = Debug|x64
		{141C66B8-DC4E-4706-A0D8-5782573812F4}.Debug|x64.ActiveCfg = Debug|x64
		{141C66B8-DC4E-4706-A0D8-5782573812F4}.Debug|x64.Build.0 = Debug|x64
		{141C66B8-DC4E-4706-A0D8-5782573812F4}.Release|Any CPU.ActiveCfg = Debug|x64
		{141C66B8-DC4E-4706-A0D8-5782573812F4}.Release|Any CPU.Build.0 = Debug|x64
		{141C66B8-DC4E-4706-A0D8-5782573812F4}.Release|x64.ActiveCfg = Debug|x64
		{141C66B8-DC4E-4706-A0D8-5782573812F4}.Release|x64.Build.0 = Debug|x64
	EndGlobalSection
	GlobalSection(SolutionProperties) = preSolution
		HideSolutionNode = FALSE
	EndGlobalSection
	GlobalSection(NestedProjects) = preSolution
		{FA185618-A62B-480F-ABC7-76F155FBDC58} = {95DC9D43-E5E3-49A1-874A-FE21B363B720}
		{EB76C6AF-EDAE-4E61-85CD-FAF4621C156F} = {627FE829-2AFB-4EB8-B25D-A42F2B5F5574}
		{0629D3B7-3A06-48AB-B1A7-32B5513C406D} = {95DC9D43-E5E3-49A1-874A-FE21B363B720}
		{00CF050B-D297-420D-AAA4-1EC9A26EC72D} = {95DC9D43-E5E3-49A1-874A-FE21B363B720}
		{2E5EBFA6-57A6-4A3B-B793-F708A0ADC035} = {95DC9D43-E5E3-49A1-874A-FE21B363B720}
		{F1CFC2C0-6A86-477C-8065-F07745E218C4} = {95DC9D43-E5E3-49A1-874A-FE21B363B720}
		{5F82AD74-3D6B-47FE-A9E0-A057FF01556F} = {95DC9D43-E5E3-49A1-874A-FE21B363B720}
		{53ECE70B-9576-43FF-9432-C30BBF8C55F4} = {627FE829-2AFB-4EB8-B25D-A42F2B5F5574}
		{41AAEBE1-73A6-4D0D-9C89-C3A4BCAB6EC9} = {95DC9D43-E5E3-49A1-874A-FE21B363B720}
		{3F86D443-F507-4FC2-967C-8636614FC5FE} = {627FE829-2AFB-4EB8-B25D-A42F2B5F5574}
		{6C40D436-D4C5-4686-8C44-2179BC367042} = {95DC9D43-E5E3-49A1-874A-FE21B363B720}
		{4941E846-35F4-421B-B602-9D4766F96BDB} = {95DC9D43-E5E3-49A1-874A-FE21B363B720}
		{6677010C-396D-4DA2-83DF-E933B21A4689} = {95DC9D43-E5E3-49A1-874A-FE21B363B720}
	EndGlobalSection
	GlobalSection(ExtensibilityGlobals) = postSolution
		SolutionGuid = {6A99BF5F-D8A0-4E32-96BC-BC9F8E4EFB63}
	EndGlobalSection
EndGlobal
